
Microsoft Visual Studio Solution File, Format Version 12.00
# Visual Studio Version 17
VisualStudioVersion = 17.5.33530.505
MinimumVisualStudioVersion = 10.0.40219.1
Project("{9A19103F-16F7-4668-BE54-9A1E7A4F7556}") = "Day_02", "Day_02\Day_02.csproj", "{863EA2A0-B58A-4DAA-8407-1CB29382623E}"
EndProject
Project("{9A19103F-16F7-4668-BE54-9A1E7A4F7556}") = "Day_01", "Day_01\Day_01.csproj", "{21CA2AB9-348A-41CD-A744-CF1F25753817}"
EndProject
Project("{9A19103F-16F7-4668-BE54-9A1E7A4F7556}") = "Day_03", "Day_03\Day_03.csproj", "{9493CD63-D26D-4EAC-8EB2-91173352EB29}"
EndProject
Project("{9A19103F-16F7-4668-BE54-9A1E7A4F7556}") = "Day_04", "Day_04\Day_04.csproj", "{D746712F-5BE7-4D55-BFC9-E76B6358EEA0}"
EndProject
Project("{FAE04EC0-301F-11D3-BF4B-00C04F79EFBC}") = "Day_05", "Day_05\Day_05.csproj", "{16707F8C-9220-4C2C-997A-1B3DF4DF12F3}"
EndProject
Global
	GlobalSection(SolutionConfigurationPlatforms) = preSolution
		Debug|Any CPU = Debug|Any CPU
		Release|Any CPU = Release|Any CPU
	EndGlobalSection
	GlobalSection(ProjectConfigurationPlatforms) = postSolution
		{863EA2A0-B58A-4DAA-8407-1CB29382623E}.Debug|Any CPU.ActiveCfg = Debug|Any CPU
		{863EA2A0-B58A-4DAA-8407-1CB29382623E}.Debug|Any CPU.Build.0 = Debug|Any CPU
		{863EA2A0-B58A-4DAA-8407-1CB29382623E}.Release|Any CPU.ActiveCfg = Release|Any CPU
		{863EA2A0-B58A-4DAA-8407-1CB29382623E}.Release|Any CPU.Build.0 = Release|Any CPU
		{21CA2AB9-348A-41CD-A744-CF1F25753817}.Debug|Any CPU.ActiveCfg = Debug|Any CPU
		{21CA2AB9-348A-41CD-A744-CF1F25753817}.Debug|Any CPU.Build.0 = Debug|Any CPU
		{21CA2AB9-348A-41CD-A744-CF1F25753817}.Release|Any CPU.ActiveCfg = Release|Any CPU
		{21CA2AB9-348A-41CD-A744-CF1F25753817}.Release|Any CPU.Build.0 = Release|Any CPU
		{9493CD63-D26D-4EAC-8EB2-91173352EB29}.Debug|Any CPU.ActiveCfg = Debug|Any CPU
		{9493CD63-D26D-4EAC-8EB2-91173352EB29}.Debug|Any CPU.Build.0 = Debug|Any CPU
		{9493CD63-D26D-4EAC-8EB2-91173352EB29}.Release|Any CPU.ActiveCfg = Release|Any CPU
		{9493CD63-D26D-4EAC-8EB2-91173352EB29}.Release|Any CPU.Build.0 = Release|Any CPU
		{D746712F-5BE7-4D55-BFC9-E76B6358EEA0}.Debug|Any CPU.ActiveCfg = Debug|Any CPU
		{D746712F-5BE7-4D55-BFC9-E76B6358EEA0}.Debug|Any CPU.Build.0 = Debug|Any CPU
		{D746712F-5BE7-4D55-BFC9-E76B6358EEA0}.Release|Any CPU.ActiveCfg = Release|Any CPU
		{D746712F-5BE7-4D55-BFC9-E76B6358EEA0}.Release|Any CPU.Build.0 = Release|Any CPU
		{16707F8C-9220-4C2C-997A-1B3DF4DF12F3}.Debug|Any CPU.ActiveCfg = Debug|Any CPU
		{16707F8C-9220-4C2C-997A-1B3DF4DF12F3}.Debug|Any CPU.Build.0 = Debug|Any CPU
		{16707F8C-9220-4C2C-997A-1B3DF4DF12F3}.Release|Any CPU.ActiveCfg = Release|Any CPU
		{16707F8C-9220-4C2C-997A-1B3DF4DF12F3}.Release|Any CPU.Build.0 = Release|Any CPU
	EndGlobalSection
	GlobalSection(SolutionProperties) = preSolution
		HideSolutionNode = FALSE
	EndGlobalSection
	GlobalSection(ExtensibilityGlobals) = postSolution
		SolutionGuid = {430A2F58-FEE0-4CB1-9138-AC83E757B6B8}
	EndGlobalSection
EndGlobal
